
Microsoft Visual Studio Solution File, Format Version 12.00
# Visual Studio Version 16
VisualStudioVersion = 16.0.31229.75
MinimumVisualStudioVersion = 10.0.40219.1
Project("{9A19103F-16F7-4668-BE54-9A1E7A4F7556}") = "EdgeGridAuth", "EdgeGridAuth\EdgeGridAuth.csproj", "{ADAB1DDB-1494-4D67-B220-486183043BED}"
EndProject
Global
	GlobalSection(SolutionConfigurationPlatforms) = preSolution
		Debug|Any CPU = Debug|Any CPU
		Release|Any CPU = Release|Any CPU
	EndGlobalSection
	GlobalSection(ProjectConfigurationPlatforms) = postSolution
		{ADAB1DDB-1494-4D67-B220-486183043BED}.Debug|Any CPU.ActiveCfg = Debug|Any CPU
		{ADAB1DDB-1494-4D67-B220-486183043BED}.Debug|Any CPU.Build.0 = Debug|Any CPU
		{ADAB1DDB-1494-4D67-B220-486183043BED}.Release|Any CPU.ActiveCfg = Release|Any CPU
		{ADAB1DDB-1494-4D67-B220-486183043BED}.Release|Any CPU.Build.0 = Release|Any CPU
	EndGlobalSection
	GlobalSection(SolutionProperties) = preSolution
		HideSolutionNode = FALSE
	EndGlobalSection
	GlobalSection(ExtensibilityGlobals) = postSolution
		SolutionGuid = {603B4D29-F6A3-4748-8799-5C536C4B2F2E}
	EndGlobalSection
EndGlobal
